
Microsoft Visual Studio Solution File, Format Version 12.00
# Visual Studio Version 17
VisualStudioVersion = 17.8.34004.107
MinimumVisualStudioVersion = 10.0.40219.1
Project("{FAE04EC0-301F-11D3-BF4B-00C04F79EFBC}") = "LibraryManagementSystem", "LibraryManagementSystem.csproj", "{622FF57B-9ACD-414F-A7BE-F377305486F8}"
EndProject
Global
	GlobalSection(SolutionConfigurationPlatforms) = preSolution
		Debug|Any CPU = Debug|Any CPU
		Release|Any CPU = Release|Any CPU
	EndGlobalSection
	GlobalSection(ProjectConfigurationPlatforms) = postSolution
		{622FF57B-9ACD-414F-A7BE-F377305486F8}.Debug|Any CPU.ActiveCfg = Debug|Any CPU
		{622FF57B-9ACD-414F-A7BE-F377305486F8}.Debug|Any CPU.Build.0 = Debug|Any CPU
		{622FF57B-9ACD-414F-A7BE-F377305486F8}.Release|Any CPU.ActiveCfg = Release|Any CPU
		{622FF57B-9ACD-414F-A7BE-F377305486F8}.Release|Any CPU.Build.0 = Release|Any CPU
	EndGlobalSection
	GlobalSection(SolutionProperties) = preSolution
		HideSolutionNode = FALSE
	EndGlobalSection
	GlobalSection(ExtensibilityGlobals) = postSolution
		SolutionGuid = {EBACAECE-9517-4538-8089-B43FD4916EF4}
	EndGlobalSection
EndGlobal
